PODS:
  - Flutter (1.0.0)
  - FMDB (2.7.5):
    - FMDB/standard (= 2.7.5)
  - FMDB/standard (2.7.5)
  - sqflite (0.0.1):
    - Flutter
    - FMDB (~> 2.7.2)
  - taptic_feedback (0.0.1):
    - Flutter

DEPENDENCIES:
  - Flutter (from `Flutter`)
  - sqflite (from `.symlinks/plugins/sqflite/ios`)
  - taptic_feedback (from `.symlinks/plugins/taptic_feedback/ios`)

SPEC REPOS:
  trunk:
    - FMDB

EXTERNAL SOURCES:
  Flutter:
    :path: Flutter
  sqflite:
    :path: ".symlinks/plugins/sqflite/ios"
  taptic_feedback:
    :path: ".symlinks/plugins/taptic_feedback/ios"

SPEC CHECKSUMS:
  Flutter: 0e3d915762c693b495b44d77113d4970485de6ec
  FMDB: 2ce00b547f966261cd18927a3ddb07cb6f3db82a
  sqflite: ff1d9da63c06588cc8d1faf7256d741f16989d5a
  taptic_feedback: f168de5bd33923ae524baafa27e4f4fa2c428f40

PODFILE CHECKSUM: 1b66dae606f75376c5f2135a8290850eeb09ae83

COCOAPODS: 1.8.4
